
Microsoft Visual Studio Solution File, Format Version 12.00
# Visual Studio 14
VisualStudioVersion = 14.0.25420.1
MinimumVisualStudioVersion = 10.0.40219.1
Project("{FAE04EC0-301F-11D3-BF4B-00C04F79EFBC}") = "YellowShell", "YellowShell\YellowShell.csproj", "{D2DA6B32-95BE-45E6-88C1-88A69757CCAF}"
EndProject
Global
	GlobalSection(SolutionConfigurationPlatforms) = preSolution
		Debug|x86 = Debug|x86
		Release|x86 = Release|x86
	EndGlobalSection
	GlobalSection(ProjectConfigurationPlatforms) = postSolution
		{D2DA6B32-95BE-45E6-88C1-88A69757CCAF}.Debug|x86.ActiveCfg = Debug|x86
		{D2DA6B32-95BE-45E6-88C1-88A69757CCAF}.Debug|x86.Build.0 = Debug|x86
		{D2DA6B32-95BE-45E6-88C1-88A69757CCAF}.Release|x86.ActiveCfg = Release|x86
		{D2DA6B32-95BE-45E6-88C1-88A69757CCAF}.Release|x86.Build.0 = Release|x86
	EndGlobalSection
	GlobalSection(SolutionProperties) = preSolution
		HideSolutionNode = FALSE
	EndGlobalSection
EndGlobal
